// !$*UTF8*$!
{
	archiveVersion = 1;
	classes = {
	};
	objectVersion = 46;
	objects = {

/* Begin PBXBuildFile section */
		3520D57D1CB2F0EF005A3BCA /* AppDelegate.swift in Sources */ = {isa = PBXBuildFile; fileRef = 3520D57C1CB2F0EF005A3BCA /* AppDelegate.swift */; };
		3520D57F1CB2F0EF005A3BCA /* ViewController.swift in Sources */ = {isa = PBXBuildFile; fileRef = 3520D57E1CB2F0EF005A3BCA /* ViewController.swift */; };
		3520D5821CB2F0EF005A3BCA /* Main.storyboard in Resources */ = {isa = PBXBuildFile; fileRef = 3520D5801CB2F0EF005A3BCA /* Main.storyboard */; };
		3520D5841CB2F0EF005A3BCA /* Assets.xcassets in Resources */ = {isa = PBXBuildFile; fileRef = 3520D5831CB2F0EF005A3BCA /* Assets.xcassets */; };
		3520D5871CB2F0EF005A3BCA /* LaunchScreen.storyboard in Resources */ = {isa = PBXBuildFile; fileRef = 3520D5851CB2F0EF005A3BCA /* LaunchScreen.storyboard */; };
		A65DA572A7560AD98E07F272 /* libPods-EstimoteApp.a in Frameworks */ = {isa = PBXBuildFile; fileRef = 8EF0BE49EF8DD7BF18813278 /* libPods-EstimoteApp.a */; };
/* End PBXBuildFile section */

/* Begin PBXFileReference section */
		3520D5791CB2F0EF005A3BCA /* EstimoteApp.app */ = {isa = PBXFileReference; explicitFileType = wrapper.application; includeInIndex = 0; path = EstimoteApp.app; sourceTree = BUILT_PRODUCTS_DIR; };
		3520D57C1CB2F0EF005A3BCA /* AppDelegate.swift */ = {isa = PBXFileReference; lastKnownFileType = sourcecode.swift; path = AppDelegate.swift; sourceTree = "<group>"; };
		3520D57E1CB2F0EF005A3BCA /* ViewController.swift */ = {isa = PBXFileReference; lastKnownFileType = sourcecode.swift; path = ViewController.swift; sourceTree = "<group>"; };
		3520D5811CB2F0EF005A3BCA /* Base */ = {isa = PBXFileReference; lastKnownFileType = file.storyboard; name = Base; path = Base.lproj/Main.storyboard; sourceTree = "<group>"; };
		3520D5831CB2F0EF005A3BCA /* Assets.xcassets */ = {isa = PBXFileReference; lastKnownFileType = folder.assetcatalog; path = Assets.xcassets; sourceTree = "<group>"; };
		3520D5861CB2F0EF005A3BCA /* Base */ = {isa = PBXFileReference; lastKnownFileType = file.storyboard; name = Base; path = Base.lproj/LaunchScreen.storyboard; sourceTree = "<group>"; };
		3520D5881CB2F0EF005A3BCA /* Info.plist */ = {isa = PBXFileReference; lastKnownFileType = text.plist.xml; path = Info.plist; sourceTree = "<group>"; };
		353A7DC61CB2F2FB00B9DEFD /* EstimoteApp-Bridging-Header.h */ = {isa = PBXFileReference; lastKnownFileType = sourcecode.c.h; path = "EstimoteApp-Bridging-Header.h"; sourceTree = "<group>"; };
		6A2F1436CCE0FFD69538F330 /* Pods-EstimoteApp.debug.xcconfig */ = {isa = PBXFileReference; includeInIndex = 1; lastKnownFileType = text.xcconfig; name = "Pods-EstimoteApp.debug.xcconfig"; path = "Pods/Target Support Files/Pods-EstimoteApp/Pods-EstimoteApp.debug.xcconfig"; sourceTree = "<group>"; };
		8EF0BE49EF8DD7BF18813278 /* libPods-EstimoteApp.a */ = {isa = PBXFileReference; explicitFileType = archive.ar; includeInIndex = 0; path = "libPods-EstimoteApp.a"; sourceTree = BUILT_PRODUCTS_DIR; };
		98DDDA0A0910ED2BAEE853DB /* Pods-EstimoteApp.release.xcconfig */ = {isa = PBXFileReference; includeInIndex = 1; lastKnownFileType = text.xcconfig; name = "Pods-EstimoteApp.release.xcconfig"; path = "Pods/Target Support Files/Pods-EstimoteApp/Pods-EstimoteApp.release.xcconfig"; sourceTree = "<group>"; };
/* End PBXFileReference section */

/* Begin PBXFrameworksBuildPhase section */
		3520D5761CB2F0EF005A3BCA /* Frameworks */ = {
			isa = PBXFrameworksBuildPhase;
			buildActionMask = 2147483647;
			files = (
				A65DA572A7560AD98E07F272 /* libPods-EstimoteApp.a in Frameworks */,
			);
			runOnlyForDeploymentPostprocessing = 0;
		};
/* End PBXFrameworksBuildPhase section */

/* Begin PBXGroup section */
		3520D5701CB2F0EF005A3BCA = {
			isa = PBXGroup;
			children = (
				3520D57B1CB2F0EF005A3BCA /* EstimoteApp */,
				3520D57A1CB2F0EF005A3BCA /* Products */,
				94251D6F93D5D931477FBB71 /* Pods */,
				696BF5F31ACB7335303D6946 /* Frameworks */,
			);
			sourceTree = "<group>";
		};
		3520D57A1CB2F0EF005A3BCA /* Products */ = {
			isa = PBXGroup;
			children = (
				3520D5791CB2F0EF005A3BCA /* EstimoteApp.app */,
			);
			name = Products;
			sourceTree = "<group>";
		};
		3520D57B1CB2F0EF005A3BCA /* EstimoteApp */ = {
			isa = PBXGroup;
			children = (
				3520D57C1CB2F0EF005A3BCA /* AppDelegate.swift */,
				3520D57E1CB2F0EF005A3BCA /* ViewController.swift */,
				3520D5801CB2F0EF005A3BCA /* Main.storyboard */,
				3520D5831CB2F0EF005A3BCA /* Assets.xcassets */,
				3520D5851CB2F0EF005A3BCA /* LaunchScreen.storyboard */,
				3520D5881CB2F0EF005A3BCA /* Info.plist */,
				353A7DC61CB2F2FB00B9DEFD /* EstimoteApp-Bridging-Header.h */,
			);
			path = EstimoteApp;
			sourceTree = "<group>";
		};
		696BF5F31ACB7335303D6946 /* Frameworks */ = {
			isa = PBXGroup;
			children = (
				8EF0BE49EF8DD7BF18813278 /* libPods-EstimoteApp.a */,
			);
			name = Frameworks;
			sourceTree = "<group>";
		};
		94251D6F93D5D931477FBB71 /* Pods */ = {
			isa = PBXGroup;
			children = (
				6A2F1436CCE0FFD69538F330 /* Pods-EstimoteApp.debug.xcconfig */,
				98DDDA0A0910ED2BAEE853DB /* Pods-EstimoteApp.release.xcconfig */,
			);
			name = Pods;
			sourceTree = "<group>";
		};
/* End PBXGroup section */

/* Begin PBXNativeTarget section */
		3520D5781CB2F0EF005A3BCA /* EstimoteApp */ = {
			isa = PBXNativeTarget;
			buildConfigurationList = 3520D58B1CB2F0EF005A3BCA /* Build configuration list for PBXNativeTarget "EstimoteApp" */;
			buildPhases = (
				E66C519022A6BB72305C3A6B /* Check Pods Manifest.lock */,
				3520D5751CB2F0EF005A3BCA /* Sources */,
				3520D5761CB2F0EF005A3BCA /* Frameworks */,
				3520D5771CB2F0EF005A3BCA /* Resources */,
				6D0C131ED878FE7B2708EDA2 /* Embed Pods Frameworks */,
				92E78345BAD45D3B649E4D53 /* Copy Pods Resources */,
			);
			buildRules = (
			);
			dependencies = (
			);
			name = EstimoteApp;
			productName = EstimoteApp;
			productReference = 3520D5791CB2F0EF005A3BCA /* EstimoteApp.app */;
			productType = "com.apple.product-type.application";
		};
/* End PBXNativeTarget section */

/* Begin PBXProject section */
		3520D5711CB2F0EF005A3BCA /* Project object */ = {
			isa = PBXProject;
			attributes = {
				LastSwiftUpdateCheck = 0730;
				LastUpgradeCheck = 0720;
				ORGANIZATIONNAME = "Michal Moskala";
				TargetAttributes = {
					3520D5781CB2F0EF005A3BCA = {
						CreatedOnToolsVersion = 7.2.1;
					};
				};
			};
			buildConfigurationList = 3520D5741CB2F0EF005A3BCA /* Build configuration list for PBXProject "EstimoteApp" */;
			compatibilityVersion = "Xcode 3.2";
			developmentRegion = English;
			hasScannedForEncodings = 0;
			knownRegions = (
				en,
				Base,
			);
			mainGroup = 3520D5701CB2F0EF005A3BCA;
			productRefGroup = 3520D57A1CB2F0EF005A3BCA /* Products */;
			projectDirPath = "";
			projectRoot = "";
			targets = (
				3520D5781CB2F0EF005A3BCA /* EstimoteApp */,
			);
		};
/* End PBXProject section */

/* Begin PBXResourcesBuildPhase section */
		3520D5771CB2F0EF005A3BCA /* Resources */ = {
			isa = PBXResourcesBuildPhase;
			buildActionMask = 2147483647;
			files = (
				3520D5871CB2F0EF005A3BCA /* LaunchScreen.storyboard in Resources */,
				3520D5841CB2F0EF005A3BCA /* Assets.xcassets in Resources */,
				3520D5821CB2F0EF005A3BCA /* Main.storyboard in Resources */,
			);
			runOnlyForDeploymentPostprocessing = 0;
		};
/* End PBXResourcesBuildPhase section */

/* Begin PBXShellScriptBuildPhase section */
		6D0C131ED878FE7B2708EDA2 /* Embed Pods Frameworks */ = {
			isa = PBXShellScriptBuildPhase;
			buildActionMask = 2147483647;
			files = (
			);
			inputPaths = (
			);
			name = "Embed Pods Frameworks";
			outputPaths = (
			);
			runOnlyForDeploymentPostprocessing = 0;
			shellPath = /bin/sh;
			shellScript = "\"${SRCROOT}/Pods/Target Support Files/Pods-EstimoteApp/Pods-EstimoteApp-frameworks.sh\"\n";
			showEnvVarsInLog = 0;
		};
		92E78345BAD45D3B649E4D53 /* Copy Pods Resources */ = {
			isa = PBXShellScriptBuildPhase;
			buildActionMask = 2147483647;
			files = (
			);
			inputPaths = (
			);
			name = "Copy Pods Resources";
			outputPaths = (
			);
			runOnlyForDeploymentPostprocessing = 0;
			shellPath = /bin/sh;
			shellScript = "\"${SRCROOT}/Pods/Target Support Files/Pods-EstimoteApp/Pods-EstimoteApp-resources.sh\"\n";
			showEnvVarsInLog = 0;
		};
		E66C519022A6BB72305C3A6B /* Check Pods Manifest.lock */ = {
			isa = PBXShellScriptBuildPhase;
			buildActionMask = 2147483647;
			files = (
			);
			inputPaths = (
			);
			name = "Check Pods Manifest.lock";
			outputPaths = (
			);
			runOnlyForDeploymentPostprocessing = 0;
			shellPath = /bin/sh;
			shellScript = "diff \"${PODS_ROOT}/../Podfile.lock\" \"${PODS_ROOT}/Manifest.lock\" > /dev/null\nif [[ $? != 0 ]] ; then\n    cat << EOM\nerror: The sandbox is not in sync with the Podfile.lock. Run 'pod install' or update your CocoaPods installation.\nEOM\n    exit 1\nfi\n";
			showEnvVarsInLog = 0;
		};
/* End PBXShellScriptBuildPhase section */

/* Begin PBXSourcesBuildPhase section */
		3520D5751CB2F0EF005A3BCA /* Sources */ = {
			isa = PBXSourcesBuildPhase;
			buildActionMask = 2147483647;
			files = (
				3520D57F1CB2F0EF005A3BCA /* ViewController.swift in Sources */,
				3520D57D1CB2F0EF005A3BCA /* AppDelegate.swift in Sources */,
			);
			runOnlyForDeploymentPostprocessing = 0;
		};
/* End PBXSourcesBuildPhase section */

/* Begin PBXVariantGroup section */
		3520D5801CB2F0EF005A3BCA /* Main.storyboard */ = {
			isa = PBXVariantGroup;
			children = (
				3520D5811CB2F0EF005A3BCA /* Base */,
			);
			name = Main.storyboard;
			sourceTree = "<group>";
		};
		3520D5851CB2F0EF005A3BCA /* LaunchScreen.storyboard */ = {
			isa = PBXVariantGroup;
			children = (
				3520D5861CB2F0EF005A3BCA /* Base */,
			);
			name = LaunchScreen.storyboard;
			sourceTree = "<group>";
		};
/* End PBXVariantGroup section */

/* Begin XCBuildConfiguration section */
		3520D5891CB2F0EF005A3BCA /* Debug */ = {
			isa = XCBuildConfiguration;
			buildSettings = {
				ALWAYS_SEARCH_USER_PATHS = NO;
				CLANG_CXX_LANGUAGE_STANDARD = "gnu++0x";
				CLANG_CXX_LIBRARY = "libc++";
				CLANG_ENABLE_MODULES = YES;
				CLANG_ENABLE_OBJC_ARC = YES;
				CLANG_WARN_BOOL_CONVERSION = YES;
				CLANG_WARN_CONSTANT_CONVERSION = YES;
				CLANG_WARN_DIRECT_OBJC_ISA_USAGE = YES_ERROR;
				CLANG_WARN_EMPTY_BODY = YES;
				CLANG_WARN_ENUM_CONVERSION = YES;
				CLANG_WARN_INT_CONVERSION = YES;
				CLANG_WARN_OBJC_ROOT_CLASS = YES_ERROR;
				CLANG_WARN_UNREACHABLE_CODE = YES;
				CLANG_WARN__DUPLICATE_METHOD_MATCH = YES;
				"CODE_SIGN_IDENTITY[sdk=iphoneos*]" = "iPhone Developer";
				COPY_PHASE_STRIP = NO;
				DEBUG_INFORMATION_FORMAT = dwarf;
				ENABLE_STRICT_OBJC_MSGSEND = YES;
				ENABLE_TESTABILITY = YES;
				GCC_C_LANGUAGE_STANDARD = gnu99;
				GCC_DYNAMIC_NO_PIC = NO;
				GCC_NO_COMMON_BLOCKS = YES;
				GCC_OPTIMIZATION_LEVEL = 0;
				GCC_PREPROCESSOR_DEFINITIONS = (
					"DEBUG=1",
					"$(inherited)",
				);
				GCC_WARN_64_TO_32_BIT_CONVERSION = YES;
				GCC_WARN_ABOUT_RETURN_TYPE = YES_ERROR;
				GCC_WARN_UNDECLARED_SELECTOR = YES;
				GCC_WARN_UNINITIALIZED_AUTOS = YES_AGGRESSIVE;
				GCC_WARN_UNUSED_FUNCTION = YES;
				GCC_WARN_UNUSED_VARIABLE = YES;
				IPHONEOS_DEPLOYMENT_TARGET = 9.2;
				MTL_ENABLE_DEBUG_INFO = YES;
				ONLY_ACTIVE_ARCH = YES;
				SDKROOT = iphoneos;
				SWIFT_OPTIMIZATION_LEVEL = "-Onone";
			};
			name = Debug;
		};
		3520D58A1CB2F0EF005A3BCA /* Release */ = {
			isa = XCBuildConfiguration;
			buildSettings = {
				ALWAYS_SEARCH_USER_PATHS = NO;
				CLANG_CXX_LANGUAGE_STANDARD = "gnu++0x";
				CLANG_CXX_LIBRARY = "libc++";
				CLANG_ENABLE_MODULES = YES;
				CLANG_ENABLE_OBJC_ARC = YES;
				CLANG_WARN_BOOL_CONVERSION = YES;
				CLANG_WARN_CONSTANT_CONVERSION = YES;
				CLANG_WARN_DIRECT_OBJC_ISA_USAGE = YES_ERROR;
				CLANG_WARN_EMPTY_BODY = YES;
				CLANG_WARN_ENUM_CONVERSION = YES;
				CLANG_WARN_INT_CONVERSION = YES;
				CLANG_WARN_OBJC_ROOT_CLASS = YES_ERROR;
				CLANG_WARN_UNREACHABLE_CODE = YES;
				CLANG_WARN__DUPLICATE_METHOD_MATCH = YES;
				"CODE_SIGN_IDENTITY[sdk=iphoneos*]" = "iPhone Developer";
				COPY_PHASE_STRIP = NO;
				DEBUG_INFORMATION_FORMAT = "dwarf-with-dsym";
				ENABLE_NS_ASSERTIONS = NO;
				ENABLE_STRICT_OBJC_MSGSEND = YES;
				GCC_C_LANGUAGE_STANDARD = gnu99;
				GCC_NO_COMMON_BLOCKS = YES;
				GCC_WARN_64_TO_32_BIT_CONVERSION = YES;
				GCC_WARN_ABOUT_RETURN_TYPE = YES_ERROR;
				GCC_WARN_UNDECLARED_SELECTOR = YES;
				GCC_WARN_UNINITIALIZED_AUTOS = YES_AGGRESSIVE;
				GCC_WARN_UNUSED_FUNCTION = YES;
				GCC_WARN_UNUSED_VARIABLE = YES;
				IPHONEOS_DEPLOYMENT_TARGET = 9.2;
				MTL_ENABLE_DEBUG_INFO = NO;
				SDKROOT = iphoneos;
				VALIDATE_PRODUCT = YES;
			};
			name = Release;
		};
		3520D58C1CB2F0EF005A3BCA /* Debug */ = {
			isa = XCBuildConfiguration;
			baseConfigurationReference = 6A2F1436CCE0FFD69538F330 /* Pods-EstimoteApp.debug.xcconfig */;
			buildSettings = {
				ASSETCATALOG_COMPILER_APPICON_NAME = AppIcon;
				CLANG_ENABLE_MODULES = YES;
				INFOPLIST_FILE = EstimoteApp/Info.plist;
				LD_RUNPATH_SEARCH_PATHS = "$(inherited) @executable_path/Frameworks";
				PRODUCT_BUNDLE_IDENTIFIER = com.michal.moskala.EstimoteApp;
				PRODUCT_NAME = "$(TARGET_NAME)";
				SWIFT_OBJC_BRIDGING_HEADER = "EstimoteApp/EstimoteApp-Bridging-Header.h";
				SWIFT_OPTIMIZATION_LEVEL = "-Onone";
			};
			name = Debug;
		};
		3520D58D1CB2F0EF005A3BCA /* Release */ = {
			isa = XCBuildConfiguration;
			baseConfigurationReference = 98DDDA0A0910ED2BAEE853DB /* Pods-EstimoteApp.release.xcconfig */;
			buildSettings = {
				ASSETCATALOG_COMPILER_APPICON_NAME = AppIcon;
				CLANG_ENABLE_MODULES = YES;
				INFOPLIST_FILE = EstimoteApp/Info.plist;
				LD_RUNPATH_SEARCH_PATHS = "$(inherited) @executable_path/Frameworks";
				PRODUCT_BUNDLE_IDENTIFIER = com.michal.moskala.EstimoteApp;
				PRODUCT_NAME = "$(TARGET_NAME)";
				SWIFT_OBJC_BRIDGING_HEADER = "EstimoteApp/EstimoteApp-Bridging-Header.h";
			};
			name = Release;
		};
/* End XCBuildConfiguration section */

/* Begin XCConfigurationList section */
		3520D5741CB2F0EF005A3BCA /* Build configuration list for PBXProject "EstimoteApp" */ = {
			isa = XCConfigurationList;
			buildConfigurations = (
				3520D5891CB2F0EF005A3BCA /* Debug */,
				3520D58A1CB2F0EF005A3BCA /* Release */,
			);
			defaultConfigurationIsVisible = 0;
			defaultConfigurationName = Release;
		};
		3520D58B1CB2F0EF005A3BCA /* Build configuration list for PBXNativeTarget "EstimoteApp" */ = {
			isa = XCConfigurationList;
			buildConfigurations = (
				3520D58C1CB2F0EF005A3BCA /* Debug */,
				3520D58D1CB2F0EF005A3BCA /* Release */,
			);
			defaultConfigurationIsVisible = 0;
			defaultConfigurationName = Release;
		};
/* End XCConfigurationList section */
	};
	rootObject = 3520D5711CB2F0EF005A3BCA /* Project object */;
}
